
Microsoft Visual Studio Solution File, Format Version 11.00
# Visual Studio 2010
Project("{8BC9CEB8-8B4A-11D0-8D11-00A0C91BC942}") = "load_display_demo", "load_display_demo\load_display_demo.vcxproj", "{F468221E-0334-475C-96A1-63F8628C741B}"
EndProject
Global
	GlobalSection(SolutionConfigurationPlatforms) = preSolution
		Debug|Win32 = Debug|Win32
		Release|Win32 = Release|Win32
	EndGlobalSection
	GlobalSection(ProjectConfigurationPlatforms) = postSolution
		{F468221E-0334-475C-96A1-63F8628C741B}.Debug|Win32.ActiveCfg = Debug|Win32
		{F468221E-0334-475C-96A1-63F8628C741B}.Debug|Win32.Build.0 = Debug|Win32
		{F468221E-0334-475C-96A1-63F8628C741B}.Release|Win32.ActiveCfg = Release|Win32
		{F468221E-0334-475C-96A1-63F8628C741B}.Release|Win32.Build.0 = Release|Win32
	EndGlobalSection
	GlobalSection(SolutionProperties) = preSolution
		HideSolutionNode = FALSE
	EndGlobalSection
EndGlobal
