
Microsoft Visual Studio Solution File, Format Version 10.00
# Visual Studio 2008
Project("{8BC9CEB8-8B4A-11D0-8D11-00A0C91BC942}") = "single_test", "single_test\single_test.vcproj", "{B301AE90-FC52-4E53-A757-519F69070396}"
EndProject
Global
	GlobalSection(SolutionConfigurationPlatforms) = preSolution
		Debug|Win32 = Debug|Win32
		Release|Win32 = Release|Win32
	EndGlobalSection
	GlobalSection(ProjectConfigurationPlatforms) = postSolution
		{B301AE90-FC52-4E53-A757-519F69070396}.Debug|Win32.ActiveCfg = Debug|Win32
		{B301AE90-FC52-4E53-A757-519F69070396}.Debug|Win32.Build.0 = Debug|Win32
		{B301AE90-FC52-4E53-A757-519F69070396}.Release|Win32.ActiveCfg = Release|Win32
		{B301AE90-FC52-4E53-A757-519F69070396}.Release|Win32.Build.0 = Release|Win32
	EndGlobalSection
	GlobalSection(SolutionProperties) = preSolution
		HideSolutionNode = FALSE
	EndGlobalSection
EndGlobal
